
Microsoft Visual Studio Solution File, Format Version 12.00
# Visual Studio Version 17
VisualStudioVersion = 17.9.34902.65
MinimumVisualStudioVersion = 10.0.40219.1
Project("{FAE04EC0-301F-11D3-BF4B-00C04F79EFBC}") = "ProjectListing.Api", "ProjectListing.Api\ProjectListing.Api.csproj", "{B29DFB0E-FF47-4B56-A657-5CC6CE2FF89C}"
EndProject
Global
	GlobalSection(SolutionConfigurationPlatforms) = preSolution
		Debug|Any CPU = Debug|Any CPU
		Release|Any CPU = Release|Any CPU
	EndGlobalSection
	GlobalSection(ProjectConfigurationPlatforms) = postSolution
		{B29DFB0E-FF47-4B56-A657-5CC6CE2FF89C}.Debug|Any CPU.ActiveCfg = Debug|Any CPU
		{B29DFB0E-FF47-4B56-A657-5CC6CE2FF89C}.Debug|Any CPU.Build.0 = Debug|Any CPU
		{B29DFB0E-FF47-4B56-A657-5CC6CE2FF89C}.Release|Any CPU.ActiveCfg = Release|Any CPU
		{B29DFB0E-FF47-4B56-A657-5CC6CE2FF89C}.Release|Any CPU.Build.0 = Release|Any CPU
	EndGlobalSection
	GlobalSection(SolutionProperties) = preSolution
		HideSolutionNode = FALSE
	EndGlobalSection
	GlobalSection(ExtensibilityGlobals) = postSolution
		SolutionGuid = {4A224DA7-02CF-4689-98A2-9F6FC0007001}
	EndGlobalSection
EndGlobal
